{
  "originHash" : "c8b4ba866fed5fea8d2c6fbf748afd48a7abafe948b1bc32385ed8f4cb3c6128",
  "pins" : [
    {
      "identity" : "ios-sdk",
      "kind" : "remoteSourceControl",
      "location" : "https://github.com/spotify/ios-sdk.git",
      "state" : {
        "branch" : "master",
        "revision" : "0b3e54771738ad5e64f22c8e5e19ca76d6becc6c"
      }
    }
  ],
  "version" : 3
}
